{
  "name": "Obs_Frontend",
  "lockfileVersion": 3,
  "requires": true,
  "packages": {
    "": {
      "dependencies": {
        "@primeuix/themes": "^3.0.0",
        "primeicons": "^8.0.0",
        "primeng": "^17.18.9"
      }
    },
    "node_modules/@noble/ed25519": {
      "version": "2.3.0",
      "resolved": "https://registry.npmjs.org/@noble/ed25519/-/ed25519-2.3.0.tgz",
      "integrity": "sha512-M7dvXL2B92/M7dw9+gzuydL8qn/jiqNHaoR3Q+cb1q1GHV7uwE17WCyFMG+Y+TZb5izcaXk5TdJRrDUxHXL78A==",
      "license": "MIT",
      "funding": {
        "url": "https://paulmillr.com/funding/"
      }
    },
    "node_modules/@noble/hashes": {
      "version": "2.2.0",
      "resolved": "https://registry.npmjs.org/@noble/hashes/-/hashes-2.2.0.tgz",
      "integrity": "sha512-IYqDGiTXab6FniAgnSdZwgWbomxpy9FtYvLKs7wCUs2a8RkITG+DFGO1DM9cr+E3/RgADRpFjrKVaJ1z6sjtEg==",
      "license": "MIT",
      "engines": {
        "node": ">= 20.19.0"
      },
      "funding": {
        "url": "https://paulmillr.com/funding/"
      }
    },
    "node_modules/@primeui/license-manager": {
      "version": "1.0.0",
      "resolved": "https://registry.npmjs.org/@primeui/license-manager/-/license-manager-1.0.0.tgz",
      "integrity": "sha512-89J7r8cclEqoHVwjOX1adPcB/blFSocpzuYlzmd+6r0gxzg2Vd4jM54TKXt9/qwAT/kOv4vYnHKZ6hcP2GFtfA==",
      "license": "SEE LICENSE IN LICENSE.md",
      "dependencies": {
        "@noble/ed25519": "2.3.0",
        "@noble/hashes": "2.2.0"
      }
    },
    "node_modules/@primeuix/styled": {
      "version": "1.0.0",
      "resolved": "https://registry.npmjs.org/@primeuix/styled/-/styled-1.0.0.tgz",
      "integrity": "sha512-6SXoeQWwKswSqTv1ygaXNfY7otHo6Rb9mxbKJK5WF8adWlZ6CtwmlNfIP+p8cH/zGccsei/5Bu7IetXlMoZGjQ==",
      "license": "SEE LICENSE IN LICENSE.md",
      "dependencies": {
        "@primeui/license-manager": "^1.0.0",
        "@primeuix/utils": "^0.8.0"
      },
      "engines": {
        "node": ">=12.11.0"
      }
    },
    "node_modules/@primeuix/themes": {
      "version": "3.0.0",
      "resolved": "https://registry.npmjs.org/@primeuix/themes/-/themes-3.0.0.tgz",
      "integrity": "sha512-lNMOhorzu4vHRKbTDIU2/raS7/Z6Oyq2WXGfFDVhOwAIVDF4e7hCX75jlgfC7bo4D0Bl5f+oW5HPGZpG52r6lw==",
      "license": "SEE LICENSE IN LICENSE.md",
      "dependencies": {
        "@primeuix/styled": "^1.0.0"
      }
    },
    "node_modules/@primeuix/utils": {
      "version": "0.8.0",
      "resolved": "https://registry.npmjs.org/@primeuix/utils/-/utils-0.8.0.tgz",
      "integrity": "sha512-dZSMKU2XJ7W7VDLuFMS/o4k+QYw4SYIpqSNhR/jdasMaaXl8eq0Gt7fTzTwwq7hgfmfOsI6V5xtzUUIvybOJ/w==",
      "license": "SEE LICENSE IN LICENSE.md",
      "engines": {
        "node": ">=12.11.0"
      }
    },
    "node_modules/primeicons": {
      "version": "8.0.0",
      "resolved": "https://registry.npmjs.org/primeicons/-/primeicons-8.0.0.tgz",
      "integrity": "sha512-eZGk+Mgb4fE+LkJi9LvllbnB4RVUF9kzmnLVnT3ZMY6stqKVh7TUJ0mFoMNIEgTnJSvhaGcJotDiSvtVvkHd7g==",
      "license": "SEE LICENSE IN LICENSE.md"
    },
    "node_modules/primeng": {
      "version": "17.18.9",
      "resolved": "https://registry.npmjs.org/primeng/-/primeng-17.18.9.tgz",
      "integrity": "sha512-1FT0B8wtgvs/joduB1DDOLe2IsP1pegOiEfSPAHSbc6otgNx/6iLR0k2M/xr2c9Ur1aC7tAikkVfH3FGpWof3w==",
      "license": "MIT",
      "dependencies": {
        "tslib": "^2.3.0"
      },
      "peerDependencies": {
        "@angular/common": "^17.0.0 || ^18.0.0",
        "@angular/core": "^17.0.0 || ^18.0.0",
        "@angular/forms": "^17.0.0 || ^18.0.0",
        "rxjs": "^6.0.0 || ^7.8.1",
        "zone.js": "~0.14.0"
      }
    },
    "node_modules/tslib": {
      "version": "2.8.1",
      "resolved": "https://registry.npmjs.org/tslib/-/tslib-2.8.1.tgz",
      "integrity": "sha512-oJFu94HQb+KVduSUQL7wnpmqnfmLsOA/nAh6b6EH0wCEoK0/mPeXU6c3wKDV83MkOuHPRHtSXKKU99IBazS/2w==",
      "license": "0BSD"
    }
  }
}
